
Microsoft Visual Studio Solution File, Format Version 12.00
# Visual Studio Version 17
VisualStudioVersion = 17.3.32922.545
MinimumVisualStudioVersion = 10.0.40219.1
Project("{FAE04EC0-301F-11D3-BF4B-00C04F79EFBC}") = "Delegados", "Delegados\Delegados.csproj", "{B6B5BDA5-0479-4232-BD0D-4FFD9400D07D}"
EndProject
Project("{FAE04EC0-301F-11D3-BF4B-00C04F79EFBC}") = "TestProject", "TestProject\TestProject.csproj", "{630A026E-312D-4165-A89F-FF15076F3464}"
EndProject
Project("{FAE04EC0-301F-11D3-BF4B-00C04F79EFBC}") = "OCRTesseract", "OCRTesseract\OCRTesseract.csproj", "{AF45BF99-BAF7-4FFE-83F3-E2A9FE8F4501}"
EndProject
Project("{FAE04EC0-301F-11D3-BF4B-00C04F79EFBC}") = "HerramientaRedimencionarImagenes", "HerramientaRedimencionarImagenes\HerramientaRedimencionarImagenes.csproj", "{1E76EBD6-71D4-4DF6-88E1-E8F49007A29E}"
EndProject
Global
	GlobalSection(SolutionConfigurationPlatforms) = preSolution
		Debug|Any CPU = Debug|Any CPU
		Release|Any CPU = Release|Any CPU
	EndGlobalSection
	GlobalSection(ProjectConfigurationPlatforms) = postSolution
		{B6B5BDA5-0479-4232-BD0D-4FFD9400D07D}.Debug|Any CPU.ActiveCfg = Debug|Any CPU
		{B6B5BDA5-0479-4232-BD0D-4FFD9400D07D}.Debug|Any CPU.Build.0 = Debug|Any CPU
		{B6B5BDA5-0479-4232-BD0D-4FFD9400D07D}.Release|Any CPU.ActiveCfg = Release|Any CPU
		{B6B5BDA5-0479-4232-BD0D-4FFD9400D07D}.Release|Any CPU.Build.0 = Release|Any CPU
		{630A026E-312D-4165-A89F-FF15076F3464}.Debug|Any CPU.ActiveCfg = Debug|Any CPU
		{630A026E-312D-4165-A89F-FF15076F3464}.Debug|Any CPU.Build.0 = Debug|Any CPU
		{630A026E-312D-4165-A89F-FF15076F3464}.Release|Any CPU.ActiveCfg = Release|Any CPU
		{630A026E-312D-4165-A89F-FF15076F3464}.Release|Any CPU.Build.0 = Release|Any CPU
		{AF45BF99-BAF7-4FFE-83F3-E2A9FE8F4501}.Debug|Any CPU.ActiveCfg = Debug|Any CPU
		{AF45BF99-BAF7-4FFE-83F3-E2A9FE8F4501}.Debug|Any CPU.Build.0 = Debug|Any CPU
		{AF45BF99-BAF7-4FFE-83F3-E2A9FE8F4501}.Release|Any CPU.ActiveCfg = Release|Any CPU
		{AF45BF99-BAF7-4FFE-83F3-E2A9FE8F4501}.Release|Any CPU.Build.0 = Release|Any CPU
		{1E76EBD6-71D4-4DF6-88E1-E8F49007A29E}.Debug|Any CPU.ActiveCfg = Debug|Any CPU
		{1E76EBD6-71D4-4DF6-88E1-E8F49007A29E}.Debug|Any CPU.Build.0 = Debug|Any CPU
		{1E76EBD6-71D4-4DF6-88E1-E8F49007A29E}.Release|Any CPU.ActiveCfg = Release|Any CPU
		{1E76EBD6-71D4-4DF6-88E1-E8F49007A29E}.Release|Any CPU.Build.0 = Release|Any CPU
	EndGlobalSection
	GlobalSection(SolutionProperties) = preSolution
		HideSolutionNode = FALSE
	EndGlobalSection
	GlobalSection(ExtensibilityGlobals) = postSolution
		SolutionGuid = {62B0751A-AAF1-453C-A0F4-19D13AF84996}
	EndGlobalSection
EndGlobal
